
Microsoft Visual Studio Solution File, Format Version 12.00
# Visual Studio 2012
Project("{FAE04EC0-301F-11D3-BF4B-00C04F79EFBC}") = "Fibonachi", "Fibonachi\Fibonachi.csproj", "{5623386E-3775-41A1-A9F1-6850EF477AF6}"
EndProject
Project("{FAE04EC0-301F-11D3-BF4B-00C04F79EFBC}") = "SomeTest", "SomeTest\SomeTest.csproj", "{49BA8899-D06F-4423-8D71-8934345A2EE3}"
EndProject
Global
	GlobalSection(SolutionConfigurationPlatforms) = preSolution
		Debug|Any CPU = Debug|Any CPU
		Release|Any CPU = Release|Any CPU
	EndGlobalSection
	GlobalSection(ProjectConfigurationPlatforms) = postSolution
		{5623386E-3775-41A1-A9F1-6850EF477AF6}.Debug|Any CPU.ActiveCfg = Debug|Any CPU
		{5623386E-3775-41A1-A9F1-6850EF477AF6}.Debug|Any CPU.Build.0 = Debug|Any CPU
		{5623386E-3775-41A1-A9F1-6850EF477AF6}.Release|Any CPU.ActiveCfg = Release|Any CPU
		{5623386E-3775-41A1-A9F1-6850EF477AF6}.Release|Any CPU.Build.0 = Release|Any CPU
		{49BA8899-D06F-4423-8D71-8934345A2EE3}.Debug|Any CPU.ActiveCfg = Debug|Any CPU
		{49BA8899-D06F-4423-8D71-8934345A2EE3}.Debug|Any CPU.Build.0 = Debug|Any CPU
		{49BA8899-D06F-4423-8D71-8934345A2EE3}.Release|Any CPU.ActiveCfg = Release|Any CPU
		{49BA8899-D06F-4423-8D71-8934345A2EE3}.Release|Any CPU.Build.0 = Release|Any CPU
	EndGlobalSection
	GlobalSection(SolutionProperties) = preSolution
		HideSolutionNode = FALSE
	EndGlobalSection
EndGlobal
